
Microsoft Visual Studio Solution File, Format Version 12.00
# Visual Studio 15
Project("{FAE04EC0-301F-11D3-BF4B-00C04F79EFBC}") = "Assembly-CSharp", "Assembly-CSharp.csproj", "{CED8DB83-E250-4A85-CB5A-FEA747E0E352}"
EndProject
Project("{FAE04EC0-301F-11D3-BF4B-00C04F79EFBC}") = "Assembly-CSharp-firstpass", "Assembly-CSharp-firstpass.csproj", "{4F56960F-FF1D-E598-2FD5-7EF720568E10}"
EndProject
Project("{FAE04EC0-301F-11D3-BF4B-00C04F79EFBC}") = "Assembly-CSharp-Editor", "Assembly-CSharp-Editor.csproj", "{9FA70AA4-5CA2-FCCD-3778-840079AD57B2}"
EndProject
Global
	GlobalSection(SolutionConfigurationPlatforms) = preSolution
		Debug|Any CPU = Debug|Any CPU
		Release|Any CPU = Release|Any CPU
	EndGlobalSection
	GlobalSection(ProjectConfigurationPlatforms) = postSolution
		{CED8DB83-E250-4A85-CB5A-FEA747E0E352}.Debug|Any CPU.ActiveCfg = Debug|Any CPU
		{CED8DB83-E250-4A85-CB5A-FEA747E0E352}.Debug|Any CPU.Build.0 = Debug|Any CPU
		{CED8DB83-E250-4A85-CB5A-FEA747E0E352}.Release|Any CPU.ActiveCfg = Release|Any CPU
		{CED8DB83-E250-4A85-CB5A-FEA747E0E352}.Release|Any CPU.Build.0 = Release|Any CPU
		{4F56960F-FF1D-E598-2FD5-7EF720568E10}.Debug|Any CPU.ActiveCfg = Debug|Any CPU
		{4F56960F-FF1D-E598-2FD5-7EF720568E10}.Debug|Any CPU.Build.0 = Debug|Any CPU
		{4F56960F-FF1D-E598-2FD5-7EF720568E10}.Release|Any CPU.ActiveCfg = Release|Any CPU
		{4F56960F-FF1D-E598-2FD5-7EF720568E10}.Release|Any CPU.Build.0 = Release|Any CPU
		{9FA70AA4-5CA2-FCCD-3778-840079AD57B2}.Debug|Any CPU.ActiveCfg = Debug|Any CPU
		{9FA70AA4-5CA2-FCCD-3778-840079AD57B2}.Debug|Any CPU.Build.0 = Debug|Any CPU
		{9FA70AA4-5CA2-FCCD-3778-840079AD57B2}.Release|Any CPU.ActiveCfg = Release|Any CPU
		{9FA70AA4-5CA2-FCCD-3778-840079AD57B2}.Release|Any CPU.Build.0 = Release|Any CPU
	EndGlobalSection
	GlobalSection(SolutionProperties) = preSolution
		HideSolutionNode = FALSE
	EndGlobalSection
EndGlobal
